
Microsoft Visual Studio Solution File, Format Version 12.00
Project("{FAE04EC0-301F-11D3-BF4B-00C04F79EFBC}") = "_153501_Yedka", "_153501_Yedka.csproj", "{FD5687DB-B823-49B5-A8D1-6300F40ACFB5}"
EndProject
Global
	GlobalSection(SolutionConfigurationPlatforms) = preSolution
		Debug|Any CPU = Debug|Any CPU
		Release|Any CPU = Release|Any CPU
	EndGlobalSection
	GlobalSection(ProjectConfigurationPlatforms) = postSolution
		{FD5687DB-B823-49B5-A8D1-6300F40ACFB5}.Debug|Any CPU.ActiveCfg = Debug|Any CPU
		{FD5687DB-B823-49B5-A8D1-6300F40ACFB5}.Debug|Any CPU.Build.0 = Debug|Any CPU
		{FD5687DB-B823-49B5-A8D1-6300F40ACFB5}.Release|Any CPU.ActiveCfg = Release|Any CPU
		{FD5687DB-B823-49B5-A8D1-6300F40ACFB5}.Release|Any CPU.Build.0 = Release|Any CPU
	EndGlobalSection
EndGlobal
